// !$*UTF8*$!
{
	archiveVersion = 1;
	classes = {
	};
	objectVersion = 56;
	objects = {

/* Begin PBXBuildFile section */
		D332A3B42D11FEFB00EDB1AE /* NavigationPathManager.swift in Sources */ = {isa = PBXBuildFile; fileRef = D332A3B32D11FEFB00EDB1AE /* NavigationPathManager.swift */; };
		D332A3B72D12007C00EDB1AE /* ArticleModel.swift in Sources */ = {isa = PBXBuildFile; fileRef = D332A3B62D12007C00EDB1AE /* ArticleModel.swift */; };
		D36FA3B02D13498A002B9EA3 /* KaberNewsDetailsViewModel.swift in Sources */ = {isa = PBXBuildFile; fileRef = D36FA3AF2D13498A002B9EA3 /* KaberNewsDetailsViewModel.swift */; };
		D36FA3B22D134D4C002B9EA3 /* ShareSheet.swift in Sources */ = {isa = PBXBuildFile; fileRef = D36FA3B12D134D4C002B9EA3 /* ShareSheet.swift */; };
		D3730F272D16D6CA00CF901A /* LoadingComponents.swift in Sources */ = {isa = PBXBuildFile; fileRef = D3730F262D16D6CA00CF901A /* LoadingComponents.swift */; };
		D37CD9242D1191B7007CDB0A /* KaberSwiftUIApp.swift in Sources */ = {isa = PBXBuildFile; fileRef = D37CD9232D1191B7007CDB0A /* KaberSwiftUIApp.swift */; };
		D37CD9262D1191B7007CDB0A /* KaberNewsView.swift in Sources */ = {isa = PBXBuildFile; fileRef = D37CD9252D1191B7007CDB0A /* KaberNewsView.swift */; };
		D37CD9282D1191B8007CDB0A /* Assets.xcassets in Resources */ = {isa = PBXBuildFile; fileRef = D37CD9272D1191B8007CDB0A /* Assets.xcassets */; };
		D37CD92B2D1191B8007CDB0A /* Preview Assets.xcassets in Resources */ = {isa = PBXBuildFile; fileRef = D37CD92A2D1191B8007CDB0A /* Preview Assets.xcassets */; };
		D37CD9322D119264007CDB0A /* Localizable.xcstrings in Resources */ = {isa = PBXBuildFile; fileRef = D37CD9312D119264007CDB0A /* Localizable.xcstrings */; };
		D37CD9362D11944F007CDB0A /* KaberNewsViewModel.swift in Sources */ = {isa = PBXBuildFile; fileRef = D37CD9352D11944F007CDB0A /* KaberNewsViewModel.swift */; };
		D37CD93A2D11963F007CDB0A /* NewsComponets.swift in Sources */ = {isa = PBXBuildFile; fileRef = D37CD9392D11963F007CDB0A /* NewsComponets.swift */; };
		D37CD93D2D11A418007CDB0A /* CustomButton.swift in Sources */ = {isa = PBXBuildFile; fileRef = D37CD93C2D11A418007CDB0A /* CustomButton.swift */; };
		D37CD9532D11A84A007CDB0A /* Poppins-ExtraLight.ttf in Resources */ = {isa = PBXBuildFile; fileRef = D37CD9402D11A84A007CDB0A /* Poppins-ExtraLight.ttf */; };
		D37CD9542D11A84A007CDB0A /* Poppins-ThinItalic.ttf in Resources */ = {isa = PBXBuildFile; fileRef = D37CD9412D11A84A007CDB0A /* Poppins-ThinItalic.ttf */; };
		D37CD9552D11A84B007CDB0A /* Poppins-ExtraLightItalic.ttf in Resources */ = {isa = PBXBuildFile; fileRef = D37CD9422D11A84A007CDB0A /* Poppins-ExtraLightItalic.ttf */; };
		D37CD9562D11A84B007CDB0A /* Poppins-BoldItalic.ttf in Resources */ = {isa = PBXBuildFile; fileRef = D37CD9432D11A84A007CDB0A /* Poppins-BoldItalic.ttf */; };
		D37CD9572D11A84B007CDB0A /* Poppins-Light.ttf in Resources */ = {isa = PBXBuildFile; fileRef = D37CD9442D11A84A007CDB0A /* Poppins-Light.ttf */; };
		D37CD9582D11A84B007CDB0A /* Poppins-Medium.ttf in Resources */ = {isa = PBXBuildFile; fileRef = D37CD9452D11A84A007CDB0A /* Poppins-Medium.ttf */; };
		D37CD9592D11A84B007CDB0A /* Poppins-SemiBoldItalic.ttf in Resources */ = {isa = PBXBuildFile; fileRef = D37CD9462D11A84A007CDB0A /* Poppins-SemiBoldItalic.ttf */; };
		D37CD95A2D11A84B007CDB0A /* Poppins-ExtraBoldItalic.ttf in Resources */ = {isa = PBXBuildFile; fileRef = D37CD9472D11A84A007CDB0A /* Poppins-ExtraBoldItalic.ttf */; };
		D37CD95B2D11A84B007CDB0A /* Poppins-ExtraBold.ttf in Resources */ = {isa = PBXBuildFile; fileRef = D37CD9482D11A84A007CDB0A /* Poppins-ExtraBold.ttf */; };
		D37CD95C2D11A84B007CDB0A /* Poppins-BlackItalic.ttf in Resources */ = {isa = PBXBuildFile; fileRef = D37CD9492D11A84A007CDB0A /* Poppins-BlackItalic.ttf */; };
		D37CD95D2D11A84B007CDB0A /* OFL.txt in Resources */ = {isa = PBXBuildFile; fileRef = D37CD94A2D11A84A007CDB0A /* OFL.txt */; };
		D37CD95E2D11A84B007CDB0A /* Poppins-Regular.ttf in Resources */ = {isa = PBXBuildFile; fileRef = D37CD94B2D11A84A007CDB0A /* Poppins-Regular.ttf */; };
		D37CD95F2D11A84B007CDB0A /* Poppins-LightItalic.ttf in Resources */ = {isa = PBXBuildFile; fileRef = D37CD94C2D11A84A007CDB0A /* Poppins-LightItalic.ttf */; };
		D37CD9602D11A84B007CDB0A /* Poppins-Bold.ttf in Resources */ = {isa = PBXBuildFile; fileRef = D37CD94D2D11A84A007CDB0A /* Poppins-Bold.ttf */; };
		D37CD9612D11A84B007CDB0A /* Poppins-Black.ttf in Resources */ = {isa = PBXBuildFile; fileRef = D37CD94E2D11A84A007CDB0A /* Poppins-Black.ttf */; };
		D37CD9622D11A84B007CDB0A /* Poppins-Thin.ttf in Resources */ = {isa = PBXBuildFile; fileRef = D37CD94F2D11A84A007CDB0A /* Poppins-Thin.ttf */; };
		D37CD9632D11A84B007CDB0A /* Poppins-SemiBold.ttf in Resources */ = {isa = PBXBuildFile; fileRef = D37CD9502D11A84A007CDB0A /* Poppins-SemiBold.ttf */; };
		D37CD9642D11A84B007CDB0A /* Poppins-Italic.ttf in Resources */ = {isa = PBXBuildFile; fileRef = D37CD9512D11A84A007CDB0A /* Poppins-Italic.ttf */; };
		D37CD9652D11A84B007CDB0A /* Poppins-MediumItalic.ttf in Resources */ = {isa = PBXBuildFile; fileRef = D37CD9522D11A84A007CDB0A /* Poppins-MediumItalic.ttf */; };
		D37CD9692D11AA0A007CDB0A /* CustomFont.swift in Sources */ = {isa = PBXBuildFile; fileRef = D37CD9682D11AA0A007CDB0A /* CustomFont.swift */; };
		D37CD96C2D11AD4A007CDB0A /* DismissKeyboardOnTap.swift in Sources */ = {isa = PBXBuildFile; fileRef = D37CD96B2D11AD4A007CDB0A /* DismissKeyboardOnTap.swift */; };
		D37CD96F2D11B059007CDB0A /* KaberNewsDetailsView.swift in Sources */ = {isa = PBXBuildFile; fileRef = D37CD96E2D11B059007CDB0A /* KaberNewsDetailsView.swift */; };
		D38855692D12DBED00596C9C /* BaseApi.swift in Sources */ = {isa = PBXBuildFile; fileRef = D388554E2D12DBED00596C9C /* BaseApi.swift */; };
		D388556A2D12DBED00596C9C /* Target.swift in Sources */ = {isa = PBXBuildFile; fileRef = D388554F2D12DBED00596C9C /* Target.swift */; };
		D38855782D12DBED00596C9C /* ErrorMessage.swift in Sources */ = {isa = PBXBuildFile; fileRef = D38855662D12DBED00596C9C /* ErrorMessage.swift */; };
		D38855792D12DBED00596C9C /* Response.swift in Sources */ = {isa = PBXBuildFile; fileRef = D38855682D12DBED00596C9C /* Response.swift */; };
		D388557C2D12DC1300596C9C /* NewsNetworking.swift in Sources */ = {isa = PBXBuildFile; fileRef = D388557B2D12DC1300596C9C /* NewsNetworking.swift */; };
		D388557E2D12DC6E00596C9C /* constans.swift in Sources */ = {isa = PBXBuildFile; fileRef = D388557D2D12DC6E00596C9C /* constans.swift */; };
		D38855802D12DCD300596C9C /* NewsAPI.swift in Sources */ = {isa = PBXBuildFile; fileRef = D388557F2D12DCD300596C9C /* NewsAPI.swift */; };
		D38855822D12DE8300596C9C /* CustomAsyncImage.swift in Sources */ = {isa = PBXBuildFile; fileRef = D38855812D12DE8300596C9C /* CustomAsyncImage.swift */; };
		D38855852D12E3BE00596C9C /* RappleProgressHUD in Frameworks */ = {isa = PBXBuildFile; productRef = D38855842D12E3BE00596C9C /* RappleProgressHUD */; };
		D38855872D12E40F00596C9C /* LoaderHandle.swift in Sources */ = {isa = PBXBuildFile; fileRef = D38855862D12E40F00596C9C /* LoaderHandle.swift */; };
		D388558C2D12EE8700596C9C /* BetterSafariView in Frameworks */ = {isa = PBXBuildFile; productRef = D388558B2D12EE8700596C9C /* BetterSafariView */; };
		D39EA0A62D15807F006D9027 /* Reachability in Frameworks */ = {isa = PBXBuildFile; productRef = D39EA0A52D15807F006D9027 /* Reachability */; };
		D39EA0A82D15826C006D9027 /* CheckConnection.swift in Sources */ = {isa = PBXBuildFile; fileRef = D39EA0A72D15826C006D9027 /* CheckConnection.swift */; };
		D39EA0AA2D158283006D9027 /* ShardCheckConnection.swift in Sources */ = {isa = PBXBuildFile; fileRef = D39EA0A92D158283006D9027 /* ShardCheckConnection.swift */; };
		D39EA0AC2D15861D006D9027 /* LocalStorage.swift in Sources */ = {isa = PBXBuildFile; fileRef = D39EA0AB2D15861D006D9027 /* LocalStorage.swift */; };
		D39EA0AF2D158DAE006D9027 /* ErrorView.swift in Sources */ = {isa = PBXBuildFile; fileRef = D39EA0AE2D158DAE006D9027 /* ErrorView.swift */; };
		D3FA3EF82D1AE41A003AF229 /* SearchView.swift in Sources */ = {isa = PBXBuildFile; fileRef = D3FA3EF72D1AE41A003AF229 /* SearchView.swift */; };
		D3FA3EFA2D1AE426003AF229 /* SearchViewModel.swift in Sources */ = {isa = PBXBuildFile; fileRef = D3FA3EF92D1AE426003AF229 /* SearchViewModel.swift */; };
		D3FA3EFD2D1AE77A003AF229 /* SeearchResultComponets.swift in Sources */ = {isa = PBXBuildFile; fileRef = D3FA3EFC2D1AE77A003AF229 /* SeearchResultComponets.swift */; };
/* End PBXBuildFile section */

/* Begin PBXFileReference section */
		D332A3B32D11FEFB00EDB1AE /* NavigationPathManager.swift */ = {isa = PBXFileReference; lastKnownFileType = sourcecode.swift; path = NavigationPathManager.swift; sourceTree = "<group>"; };
		D332A3B62D12007C00EDB1AE /* ArticleModel.swift */ = {isa = PBXFileReference; lastKnownFileType = sourcecode.swift; path = ArticleModel.swift; sourceTree = "<group>"; };
		D332A3BA2D120A5C00EDB1AE /* Info.plist */ = {isa = PBXFileReference; lastKnownFileType = text.plist; path = Info.plist; sourceTree = "<group>"; };
		D36FA3AF2D13498A002B9EA3 /* KaberNewsDetailsViewModel.swift */ = {isa = PBXFileReference; lastKnownFileType = sourcecode.swift; path = KaberNewsDetailsViewModel.swift; sourceTree = "<group>"; };
		D36FA3B12D134D4C002B9EA3 /* ShareSheet.swift */ = {isa = PBXFileReference; lastKnownFileType = sourcecode.swift; path = ShareSheet.swift; sourceTree = "<group>"; };
		D3730F262D16D6CA00CF901A /* LoadingComponents.swift */ = {isa = PBXFileReference; lastKnownFileType = sourcecode.swift; path = LoadingComponents.swift; sourceTree = "<group>"; };
		D37CD9202D1191B7007CDB0A /* KaberSwiftUI.app */ = {isa = PBXFileReference; explicitFileType = wrapper.application; includeInIndex = 0; path = KaberSwiftUI.app; sourceTree = BUILT_PRODUCTS_DIR; };
		D37CD9232D1191B7007CDB0A /* KaberSwiftUIApp.swift */ = {isa = PBXFileReference; lastKnownFileType = sourcecode.swift; path = KaberSwiftUIApp.swift; sourceTree = "<group>"; };
		D37CD9252D1191B7007CDB0A /* KaberNewsView.swift */ = {isa = PBXFileReference; lastKnownFileType = sourcecode.swift; path = KaberNewsView.swift; sourceTree = "<group>"; };
		D37CD9272D1191B8007CDB0A /* Assets.xcassets */ = {isa = PBXFileReference; lastKnownFileType = folder.assetcatalog; path = Assets.xcassets; sourceTree = "<group>"; };
		D37CD92A2D1191B8007CDB0A /* Preview Assets.xcassets */ = {isa = PBXFileReference; lastKnownFileType = folder.assetcatalog; path = "Preview Assets.xcassets"; sourceTree = "<group>"; };
		D37CD9312D119264007CDB0A /* Localizable.xcstrings */ = {isa = PBXFileReference; lastKnownFileType = text.json.xcstrings; path = Localizable.xcstrings; sourceTree = "<group>"; };
		D37CD9352D11944F007CDB0A /* KaberNewsViewModel.swift */ = {isa = PBXFileReference; lastKnownFileType = sourcecode.swift; path = KaberNewsViewModel.swift; sourceTree = "<group>"; };
		D37CD9392D11963F007CDB0A /* NewsComponets.swift */ = {isa = PBXFileReference; lastKnownFileType = sourcecode.swift; path = NewsComponets.swift; sourceTree = "<group>"; };
		D37CD93C2D11A418007CDB0A /* CustomButton.swift */ = {isa = PBXFileReference; lastKnownFileType = sourcecode.swift; path = CustomButton.swift; sourceTree = "<group>"; };
		D37CD9402D11A84A007CDB0A /* Poppins-ExtraLight.ttf */ = {isa = PBXFileReference; lastKnownFileType = file; path = "Poppins-ExtraLight.ttf"; sourceTree = "<group>"; };
		D37CD9412D11A84A007CDB0A /* Poppins-ThinItalic.ttf */ = {isa = PBXFileReference; lastKnownFileType = file; path = "Poppins-ThinItalic.ttf"; sourceTree = "<group>"; };
		D37CD9422D11A84A007CDB0A /* Poppins-ExtraLightItalic.ttf */ = {isa = PBXFileReference; lastKnownFileType = file; path = "Poppins-ExtraLightItalic.ttf"; sourceTree = "<group>"; };
		D37CD9432D11A84A007CDB0A /* Poppins-BoldItalic.ttf */ = {isa = PBXFileReference; lastKnownFileType = file; path = "Poppins-BoldItalic.ttf"; sourceTree = "<group>"; };
		D37CD9442D11A84A007CDB0A /* Poppins-Light.ttf */ = {isa = PBXFileReference; lastKnownFileType = file; path = "Poppins-Light.ttf"; sourceTree = "<group>"; };
		D37CD9452D11A84A007CDB0A /* Poppins-Medium.ttf */ = {isa = PBXFileReference; lastKnownFileType = file; path = "Poppins-Medium.ttf"; sourceTree = "<group>"; };
		D37CD9462D11A84A007CDB0A /* Poppins-SemiBoldItalic.ttf */ = {isa = PBXFileReference; lastKnownFileType = file; path = "Poppins-SemiBoldItalic.ttf"; sourceTree = "<group>"; };
		D37CD9472D11A84A007CDB0A /* Poppins-ExtraBoldItalic.ttf */ = {isa = PBXFileReference; lastKnownFileType = file; path = "Poppins-ExtraBoldItalic.ttf"; sourceTree = "<group>"; };
		D37CD9482D11A84A007CDB0A /* Poppins-ExtraBold.ttf */ = {isa = PBXFileReference; lastKnownFileType = file; path = "Poppins-ExtraBold.ttf"; sourceTree = "<group>"; };
		D37CD9492D11A84A007CDB0A /* Poppins-BlackItalic.ttf */ = {isa = PBXFileReference; lastKnownFileType = file; path = "Poppins-BlackItalic.ttf"; sourceTree = "<group>"; };
		D37CD94A2D11A84A007CDB0A /* OFL.txt */ = {isa = PBXFileReference; fileEncoding = 4; lastKnownFileType = text; path = OFL.txt; sourceTree = "<group>"; };
		D37CD94B2D11A84A007CDB0A /* Poppins-Regular.ttf */ = {isa = PBXFileReference; lastKnownFileType = file; path = "Poppins-Regular.ttf"; sourceTree = "<group>"; };
		D37CD94C2D11A84A007CDB0A /* Poppins-LightItalic.ttf */ = {isa = PBXFileReference; lastKnownFileType = file; path = "Poppins-LightItalic.ttf"; sourceTree = "<group>"; };
		D37CD94D2D11A84A007CDB0A /* Poppins-Bold.ttf */ = {isa = PBXFileReference; lastKnownFileType = file; path = "Poppins-Bold.ttf"; sourceTree = "<group>"; };
		D37CD94E2D11A84A007CDB0A /* Poppins-Black.ttf */ = {isa = PBXFileReference; lastKnownFileType = file; path = "Poppins-Black.ttf"; sourceTree = "<group>"; };
		D37CD94F2D11A84A007CDB0A /* Poppins-Thin.ttf */ = {isa = PBXFileReference; lastKnownFileType = file; path = "Poppins-Thin.ttf"; sourceTree = "<group>"; };
		D37CD9502D11A84A007CDB0A /* Poppins-SemiBold.ttf */ = {isa = PBXFileReference; lastKnownFileType = file; path = "Poppins-SemiBold.ttf"; sourceTree = "<group>"; };
		D37CD9512D11A84A007CDB0A /* Poppins-Italic.ttf */ = {isa = PBXFileReference; lastKnownFileType = file; path = "Poppins-Italic.ttf"; sourceTree = "<group>"; };
		D37CD9522D11A84A007CDB0A /* Poppins-MediumItalic.ttf */ = {isa = PBXFileReference; lastKnownFileType = file; path = "Poppins-MediumItalic.ttf"; sourceTree = "<group>"; };
		D37CD9682D11AA0A007CDB0A /* CustomFont.swift */ = {isa = PBXFileReference; lastKnownFileType = sourcecode.swift; path = CustomFont.swift; sourceTree = "<group>"; };
		D37CD96B2D11AD4A007CDB0A /* DismissKeyboardOnTap.swift */ = {isa = PBXFileReference; lastKnownFileType = sourcecode.swift; path = DismissKeyboardOnTap.swift; sourceTree = "<group>"; };
		D37CD96E2D11B059007CDB0A /* KaberNewsDetailsView.swift */ = {isa = PBXFileReference; lastKnownFileType = sourcecode.swift; path = KaberNewsDetailsView.swift; sourceTree = "<group>"; };
		D388554E2D12DBED00596C9C /* BaseApi.swift */ = {isa = PBXFileReference; fileEncoding = 4; lastKnownFileType = sourcecode.swift; path = BaseApi.swift; sourceTree = "<group>"; };
		D388554F2D12DBED00596C9C /* Target.swift */ = {isa = PBXFileReference; fileEncoding = 4; lastKnownFileType = sourcecode.swift; path = Target.swift; sourceTree = "<group>"; };
		D38855662D12DBED00596C9C /* ErrorMessage.swift */ = {isa = PBXFileReference; fileEncoding = 4; lastKnownFileType = sourcecode.swift; path = ErrorMessage.swift; sourceTree = "<group>"; };
		D38855682D12DBED00596C9C /* Response.swift */ = {isa = PBXFileReference; fileEncoding = 4; lastKnownFileType = sourcecode.swift; path = Response.swift; sourceTree = "<group>"; };
		D388557B2D12DC1300596C9C /* NewsNetworking.swift */ = {isa = PBXFileReference; lastKnownFileType = sourcecode.swift; path = NewsNetworking.swift; sourceTree = "<group>"; };
		D388557D2D12DC6E00596C9C /* constans.swift */ = {isa = PBXFileReference; lastKnownFileType = sourcecode.swift; path = constans.swift; sourceTree = "<group>"; };
		D388557F2D12DCD300596C9C /* NewsAPI.swift */ = {isa = PBXFileReference; lastKnownFileType = sourcecode.swift; path = NewsAPI.swift; sourceTree = "<group>"; };
		D38855812D12DE8300596C9C /* CustomAsyncImage.swift */ = {isa = PBXFileReference; fileEncoding = 4; lastKnownFileType = sourcecode.swift; path = CustomAsyncImage.swift; sourceTree = "<group>"; };
		D38855862D12E40F00596C9C /* LoaderHandle.swift */ = {isa = PBXFileReference; lastKnownFileType = sourcecode.swift; path = LoaderHandle.swift; sourceTree = "<group>"; };
		D39EA0A72D15826C006D9027 /* CheckConnection.swift */ = {isa = PBXFileReference; lastKnownFileType = sourcecode.swift; path = CheckConnection.swift; sourceTree = "<group>"; };
		D39EA0A92D158283006D9027 /* ShardCheckConnection.swift */ = {isa = PBXFileReference; lastKnownFileType = sourcecode.swift; path = ShardCheckConnection.swift; sourceTree = "<group>"; };
		D39EA0AB2D15861D006D9027 /* LocalStorage.swift */ = {isa = PBXFileReference; fileEncoding = 4; lastKnownFileType = sourcecode.swift; path = LocalStorage.swift; sourceTree = "<group>"; };
		D39EA0AE2D158DAE006D9027 /* ErrorView.swift */ = {isa = PBXFileReference; lastKnownFileType = sourcecode.swift; path = ErrorView.swift; sourceTree = "<group>"; };
		D3FA3EF72D1AE41A003AF229 /* SearchView.swift */ = {isa = PBXFileReference; lastKnownFileType = sourcecode.swift; path = SearchView.swift; sourceTree = "<group>"; };
		D3FA3EF92D1AE426003AF229 /* SearchViewModel.swift */ = {isa = PBXFileReference; lastKnownFileType = sourcecode.swift; path = SearchViewModel.swift; sourceTree = "<group>"; };
		D3FA3EFC2D1AE77A003AF229 /* SeearchResultComponets.swift */ = {isa = PBXFileReference; lastKnownFileType = sourcecode.swift; path = SeearchResultComponets.swift; sourceTree = "<group>"; };
/* End PBXFileReference section */

/* Begin PBXFrameworksBuildPhase section */
		D37CD91D2D1191B7007CDB0A /* Frameworks */ = {
			isa = PBXFrameworksBuildPhase;
			buildActionMask = 2147483647;
			files = (
				D38855852D12E3BE00596C9C /* RappleProgressHUD in Frameworks */,
				D39EA0A62D15807F006D9027 /* Reachability in Frameworks */,
				D388558C2D12EE8700596C9C /* BetterSafariView in Frameworks */,
			);
			runOnlyForDeploymentPostprocessing = 0;
		};
/* End PBXFrameworksBuildPhase section */

/* Begin PBXGroup section */
		D332A3B22D11FEE700EDB1AE /* Starter */ = {
			isa = PBXGroup;
			children = (
				D37CD9232D1191B7007CDB0A /* KaberSwiftUIApp.swift */,
			);
			path = Starter;
			sourceTree = "<group>";
		};
		D332A3B52D12007200EDB1AE /* Models */ = {
			isa = PBXGroup;
			children = (
				D332A3B62D12007C00EDB1AE /* ArticleModel.swift */,
			);
			path = Models;
			sourceTree = "<group>";
		};
		D3730F252D16D6B500CF901A /* Loading Componets */ = {
			isa = PBXGroup;
			children = (
				D3730F262D16D6CA00CF901A /* LoadingComponents.swift */,
			);
			path = "Loading Componets";
			sourceTree = "<group>";
		};
		D37CD9172D1191B7007CDB0A = {
			isa = PBXGroup;
			children = (
				D37CD9222D1191B7007CDB0A /* KaberSwiftUI */,
				D37CD9212D1191B7007CDB0A /* Products */,
			);
			sourceTree = "<group>";
		};
		D37CD9212D1191B7007CDB0A /* Products */ = {
			isa = PBXGroup;
			children = (
				D37CD9202D1191B7007CDB0A /* KaberSwiftUI.app */,
			);
			name = Products;
			sourceTree = "<group>";
		};
		D37CD9222D1191B7007CDB0A /* KaberSwiftUI */ = {
			isa = PBXGroup;
			children = (
				D332A3BA2D120A5C00EDB1AE /* Info.plist */,
				D332A3B22D11FEE700EDB1AE /* Starter */,
				D388554C2D12DBED00596C9C /* Network layer */,
				D332A3B52D12007200EDB1AE /* Models */,
				D37CD9332D119431007CDB0A /* Moduls */,
				D37CD9372D11961B007CDB0A /* Components */,
				D37CD9662D11A85B007CDB0A /* Customs + Extension */,
				D37CD93E2D11A83A007CDB0A /* Fonts */,
				D37CD9312D119264007CDB0A /* Localizable.xcstrings */,
				D37CD9272D1191B8007CDB0A /* Assets.xcassets */,
				D37CD9292D1191B8007CDB0A /* Preview Content */,
			);
			path = KaberSwiftUI;
			sourceTree = "<group>";
		};
		D37CD9292D1191B8007CDB0A /* Preview Content */ = {
			isa = PBXGroup;
			children = (
				D37CD92A2D1191B8007CDB0A /* Preview Assets.xcassets */,
			);
			path = "Preview Content";
			sourceTree = "<group>";
		};
		D37CD9332D119431007CDB0A /* Moduls */ = {
			isa = PBXGroup;
			children = (
				D37CD9342D119437007CDB0A /* KaberNews Screen */,
				D37CD96D2D11B048007CDB0A /* KaberNews Details Screen */,
				D3FA3EF62D1AE3FE003AF229 /* Search Screen */,
			);
			path = Moduls;
			sourceTree = "<group>";
		};
		D37CD9342D119437007CDB0A /* KaberNews Screen */ = {
			isa = PBXGroup;
			children = (
				D37CD9352D11944F007CDB0A /* KaberNewsViewModel.swift */,
				D37CD9252D1191B7007CDB0A /* KaberNewsView.swift */,
			);
			path = "KaberNews Screen";
			sourceTree = "<group>";
		};
		D37CD9372D11961B007CDB0A /* Components */ = {
			isa = PBXGroup;
			children = (
				D3FA3EFB2D1AE756003AF229 /* Search result components */,
				D3730F252D16D6B500CF901A /* Loading Componets */,
				D39EA0AD2D158D92006D9027 /* Error Componets */,
				D37CD93B2D11A40B007CDB0A /* Custom Button */,
				D37CD9382D11962C007CDB0A /* NewsComponets */,
			);
			path = Components;
			sourceTree = "<group>";
		};
		D37CD9382D11962C007CDB0A /* NewsComponets */ = {
			isa = PBXGroup;
			children = (
				D37CD9392D11963F007CDB0A /* NewsComponets.swift */,
			);
			path = NewsComponets;
			sourceTree = "<group>";
		};
		D37CD93B2D11A40B007CDB0A /* Custom Button */ = {
			isa = PBXGroup;
			children = (
				D37CD93C2D11A418007CDB0A /* CustomButton.swift */,
			);
			path = "Custom Button";
			sourceTree = "<group>";
		};
		D37CD93E2D11A83A007CDB0A /* Fonts */ = {
			isa = PBXGroup;
			children = (
				D37CD93F2D11A84A007CDB0A /* Poppins */,
			);
			path = Fonts;
			sourceTree = "<group>";
		};
		D37CD93F2D11A84A007CDB0A /* Poppins */ = {
			isa = PBXGroup;
			children = (
				D37CD9402D11A84A007CDB0A /* Poppins-ExtraLight.ttf */,
				D37CD9412D11A84A007CDB0A /* Poppins-ThinItalic.ttf */,
				D37CD9422D11A84A007CDB0A /* Poppins-ExtraLightItalic.ttf */,
				D37CD9432D11A84A007CDB0A /* Poppins-BoldItalic.ttf */,
				D37CD9442D11A84A007CDB0A /* Poppins-Light.ttf */,
				D37CD9452D11A84A007CDB0A /* Poppins-Medium.ttf */,
				D37CD9462D11A84A007CDB0A /* Poppins-SemiBoldItalic.ttf */,
				D37CD9472D11A84A007CDB0A /* Poppins-ExtraBoldItalic.ttf */,
				D37CD9482D11A84A007CDB0A /* Poppins-ExtraBold.ttf */,
				D37CD9492D11A84A007CDB0A /* Poppins-BlackItalic.ttf */,
				D37CD94A2D11A84A007CDB0A /* OFL.txt */,
				D37CD94B2D11A84A007CDB0A /* Poppins-Regular.ttf */,
				D37CD94C2D11A84A007CDB0A /* Poppins-LightItalic.ttf */,
				D37CD94D2D11A84A007CDB0A /* Poppins-Bold.ttf */,
				D37CD94E2D11A84A007CDB0A /* Poppins-Black.ttf */,
				D37CD94F2D11A84A007CDB0A /* Poppins-Thin.ttf */,
				D37CD9502D11A84A007CDB0A /* Poppins-SemiBold.ttf */,
				D37CD9512D11A84A007CDB0A /* Poppins-Italic.ttf */,
				D37CD9522D11A84A007CDB0A /* Poppins-MediumItalic.ttf */,
			);
			path = Poppins;
			sourceTree = "<group>";
		};
		D37CD9662D11A85B007CDB0A /* Customs + Extension */ = {
			isa = PBXGroup;
			children = (
				D39EA0AB2D15861D006D9027 /* LocalStorage.swift */,
				D38855812D12DE8300596C9C /* CustomAsyncImage.swift */,
				D332A3B32D11FEFB00EDB1AE /* NavigationPathManager.swift */,
				D37CD9682D11AA0A007CDB0A /* CustomFont.swift */,
				D37CD96B2D11AD4A007CDB0A /* DismissKeyboardOnTap.swift */,
				D38855862D12E40F00596C9C /* LoaderHandle.swift */,
				D36FA3B12D134D4C002B9EA3 /* ShareSheet.swift */,
			);
			path = "Customs + Extension";
			sourceTree = "<group>";
		};
		D37CD96D2D11B048007CDB0A /* KaberNews Details Screen */ = {
			isa = PBXGroup;
			children = (
				D37CD96E2D11B059007CDB0A /* KaberNewsDetailsView.swift */,
				D36FA3AF2D13498A002B9EA3 /* KaberNewsDetailsViewModel.swift */,
			);
			path = "KaberNews Details Screen";
			sourceTree = "<group>";
		};
		D388554C2D12DBED00596C9C /* Network layer */ = {
			isa = PBXGroup;
			children = (
				D388554D2D12DBED00596C9C /* Base */,
				D38855502D12DBED00596C9C /* Constans */,
				D38855522D12DBED00596C9C /* Endpoints */,
				D38855652D12DBED00596C9C /* Error */,
				D38855672D12DBED00596C9C /* model */,
			);
			path = "Network layer";
			sourceTree = "<group>";
		};
		D388554D2D12DBED00596C9C /* Base */ = {
			isa = PBXGroup;
			children = (
				D388554E2D12DBED00596C9C /* BaseApi.swift */,
				D388554F2D12DBED00596C9C /* Target.swift */,
				D39EA0A72D15826C006D9027 /* CheckConnection.swift */,
				D39EA0A92D158283006D9027 /* ShardCheckConnection.swift */,
			);
			path = Base;
			sourceTree = "<group>";
		};
		D38855502D12DBED00596C9C /* Constans */ = {
			isa = PBXGroup;
			children = (
				D388557D2D12DC6E00596C9C /* constans.swift */,
			);
			path = Constans;
			sourceTree = "<group>";
		};
		D38855522D12DBED00596C9C /* Endpoints */ = {
			isa = PBXGroup;
			children = (
				D388557A2D12DBFE00596C9C /* News endpoint */,
			);
			path = Endpoints;
			sourceTree = "<group>";
		};
		D38855652D12DBED00596C9C /* Error */ = {
			isa = PBXGroup;
			children = (
				D38855662D12DBED00596C9C /* ErrorMessage.swift */,
			);
			path = Error;
			sourceTree = "<group>";
		};
		D38855672D12DBED00596C9C /* model */ = {
			isa = PBXGroup;
			children = (
				D38855682D12DBED00596C9C /* Response.swift */,
			);
			path = model;
			sourceTree = "<group>";
		};
		D388557A2D12DBFE00596C9C /* News endpoint */ = {
			isa = PBXGroup;
			children = (
				D388557B2D12DC1300596C9C /* NewsNetworking.swift */,
				D388557F2D12DCD300596C9C /* NewsAPI.swift */,
			);
			path = "News endpoint";
			sourceTree = "<group>";
		};
		D39EA0AD2D158D92006D9027 /* Error Componets */ = {
			isa = PBXGroup;
			children = (
				D39EA0AE2D158DAE006D9027 /* ErrorView.swift */,
			);
			path = "Error Componets";
			sourceTree = "<group>";
		};
		D3FA3EF62D1AE3FE003AF229 /* Search Screen */ = {
			isa = PBXGroup;
			children = (
				D3FA3EF92D1AE426003AF229 /* SearchViewModel.swift */,
				D3FA3EF72D1AE41A003AF229 /* SearchView.swift */,
			);
			path = "Search Screen";
			sourceTree = "<group>";
		};
		D3FA3EFB2D1AE756003AF229 /* Search result components */ = {
			isa = PBXGroup;
			children = (
				D3FA3EFC2D1AE77A003AF229 /* SeearchResultComponets.swift */,
			);
			path = "Search result components";
			sourceTree = "<group>";
		};
/* End PBXGroup section */

/* Begin PBXNativeTarget section */
		D37CD91F2D1191B7007CDB0A /* KaberSwiftUI */ = {
			isa = PBXNativeTarget;
			buildConfigurationList = D37CD92E2D1191B8007CDB0A /* Build configuration list for PBXNativeTarget "KaberSwiftUI" */;
			buildPhases = (
				D37CD91C2D1191B7007CDB0A /* Sources */,
				D37CD91D2D1191B7007CDB0A /* Frameworks */,
				D37CD91E2D1191B7007CDB0A /* Resources */,
			);
			buildRules = (
			);
			dependencies = (
			);
			name = KaberSwiftUI;
			packageProductDependencies = (
				D38855842D12E3BE00596C9C /* RappleProgressHUD */,
				D388558B2D12EE8700596C9C /* BetterSafariView */,
				D39EA0A52D15807F006D9027 /* Reachability */,
			);
			productName = KaberSwiftUI;
			productReference = D37CD9202D1191B7007CDB0A /* KaberSwiftUI.app */;
			productType = "com.apple.product-type.application";
		};
/* End PBXNativeTarget section */

/* Begin PBXProject section */
		D37CD9182D1191B7007CDB0A /* Project object */ = {
			isa = PBXProject;
			attributes = {
				BuildIndependentTargetsInParallel = 1;
				LastSwiftUpdateCheck = 1520;
				LastUpgradeCheck = 1520;
				TargetAttributes = {
					D37CD91F2D1191B7007CDB0A = {
						CreatedOnToolsVersion = 15.2;
					};
				};
			};
			buildConfigurationList = D37CD91B2D1191B7007CDB0A /* Build configuration list for PBXProject "KaberSwiftUI" */;
			compatibilityVersion = "Xcode 14.0";
			developmentRegion = en;
			hasScannedForEncodings = 0;
			knownRegions = (
				en,
				Base,
				ar,
			);
			mainGroup = D37CD9172D1191B7007CDB0A;
			packageReferences = (
				D38855832D12E3BE00596C9C /* XCRemoteSwiftPackageReference "RappleProgressHUD" */,
				D388558A2D12EE8700596C9C /* XCRemoteSwiftPackageReference "BetterSafariView" */,
				D39EA0A42D15807F006D9027 /* XCRemoteSwiftPackageReference "Reachability.swift" */,
			);
			productRefGroup = D37CD9212D1191B7007CDB0A /* Products */;
			projectDirPath = "";
			projectRoot = "";
			targets = (
				D37CD91F2D1191B7007CDB0A /* KaberSwiftUI */,
			);
		};
/* End PBXProject section */

/* Begin PBXResourcesBuildPhase section */
		D37CD91E2D1191B7007CDB0A /* Resources */ = {
			isa = PBXResourcesBuildPhase;
			buildActionMask = 2147483647;
			files = (
				D37CD9622D11A84B007CDB0A /* Poppins-Thin.ttf in Resources */,
				D37CD9652D11A84B007CDB0A /* Poppins-MediumItalic.ttf in Resources */,
				D37CD95D2D11A84B007CDB0A /* OFL.txt in Resources */,
				D37CD9552D11A84B007CDB0A /* Poppins-ExtraLightItalic.ttf in Resources */,
				D37CD95C2D11A84B007CDB0A /* Poppins-BlackItalic.ttf in Resources */,
				D37CD9532D11A84A007CDB0A /* Poppins-ExtraLight.ttf in Resources */,
				D37CD9632D11A84B007CDB0A /* Poppins-SemiBold.ttf in Resources */,
				D37CD9562D11A84B007CDB0A /* Poppins-BoldItalic.ttf in Resources */,
				D37CD9572D11A84B007CDB0A /* Poppins-Light.ttf in Resources */,
				D37CD9612D11A84B007CDB0A /* Poppins-Black.ttf in Resources */,
				D37CD9642D11A84B007CDB0A /* Poppins-Italic.ttf in Resources */,
				D37CD95B2D11A84B007CDB0A /* Poppins-ExtraBold.ttf in Resources */,
				D37CD95F2D11A84B007CDB0A /* Poppins-LightItalic.ttf in Resources */,
				D37CD92B2D1191B8007CDB0A /* Preview Assets.xcassets in Resources */,
				D37CD9592D11A84B007CDB0A /* Poppins-SemiBoldItalic.ttf in Resources */,
				D37CD95E2D11A84B007CDB0A /* Poppins-Regular.ttf in Resources */,
				D37CD95A2D11A84B007CDB0A /* Poppins-ExtraBoldItalic.ttf in Resources */,
				D37CD9602D11A84B007CDB0A /* Poppins-Bold.ttf in Resources */,
				D37CD9542D11A84A007CDB0A /* Poppins-ThinItalic.ttf in Resources */,
				D37CD9582D11A84B007CDB0A /* Poppins-Medium.ttf in Resources */,
				D37CD9282D1191B8007CDB0A /* Assets.xcassets in Resources */,
				D37CD9322D119264007CDB0A /* Localizable.xcstrings in Resources */,
			);
			runOnlyForDeploymentPostprocessing = 0;
		};
/* End PBXResourcesBuildPhase section */

/* Begin PBXSourcesBuildPhase section */
		D37CD91C2D1191B7007CDB0A /* Sources */ = {
			isa = PBXSourcesBuildPhase;
			buildActionMask = 2147483647;
			files = (
				D39EA0AF2D158DAE006D9027 /* ErrorView.swift in Sources */,
				D37CD96F2D11B059007CDB0A /* KaberNewsDetailsView.swift in Sources */,
				D37CD9262D1191B7007CDB0A /* KaberNewsView.swift in Sources */,
				D36FA3B02D13498A002B9EA3 /* KaberNewsDetailsViewModel.swift in Sources */,
				D37CD9362D11944F007CDB0A /* KaberNewsViewModel.swift in Sources */,
				D37CD96C2D11AD4A007CDB0A /* DismissKeyboardOnTap.swift in Sources */,
				D388557C2D12DC1300596C9C /* NewsNetworking.swift in Sources */,
				D38855872D12E40F00596C9C /* LoaderHandle.swift in Sources */,
				D388557E2D12DC6E00596C9C /* constans.swift in Sources */,
				D38855782D12DBED00596C9C /* ErrorMessage.swift in Sources */,
				D37CD9242D1191B7007CDB0A /* KaberSwiftUIApp.swift in Sources */,
				D37CD9692D11AA0A007CDB0A /* CustomFont.swift in Sources */,
				D38855822D12DE8300596C9C /* CustomAsyncImage.swift in Sources */,
				D38855792D12DBED00596C9C /* Response.swift in Sources */,
				D36FA3B22D134D4C002B9EA3 /* ShareSheet.swift in Sources */,
				D388556A2D12DBED00596C9C /* Target.swift in Sources */,
				D38855802D12DCD300596C9C /* NewsAPI.swift in Sources */,
				D39EA0A82D15826C006D9027 /* CheckConnection.swift in Sources */,
				D332A3B72D12007C00EDB1AE /* ArticleModel.swift in Sources */,
				D3FA3EF82D1AE41A003AF229 /* SearchView.swift in Sources */,
				D332A3B42D11FEFB00EDB1AE /* NavigationPathManager.swift in Sources */,
				D38855692D12DBED00596C9C /* BaseApi.swift in Sources */,
				D3FA3EFA2D1AE426003AF229 /* SearchViewModel.swift in Sources */,
				D37CD93A2D11963F007CDB0A /* NewsComponets.swift in Sources */,
				D39EA0AC2D15861D006D9027 /* LocalStorage.swift in Sources */,
				D3FA3EFD2D1AE77A003AF229 /* SeearchResultComponets.swift in Sources */,
				D37CD93D2D11A418007CDB0A /* CustomButton.swift in Sources */,
				D3730F272D16D6CA00CF901A /* LoadingComponents.swift in Sources */,
				D39EA0AA2D158283006D9027 /* ShardCheckConnection.swift in Sources */,
			);
			runOnlyForDeploymentPostprocessing = 0;
		};
/* End PBXSourcesBuildPhase section */

/* Begin XCBuildConfiguration section */
		D37CD92C2D1191B8007CDB0A /* Debug */ = {
			isa = XCBuildConfiguration;
			buildSettings = {
				ALWAYS_SEARCH_USER_PATHS = NO;
				ASSETCATALOG_COMPILER_GENERATE_SWIFT_ASSET_SYMBOL_EXTENSIONS = YES;
				CLANG_ANALYZER_NONNULL = YES;
				CLANG_ANALYZER_NUMBER_OBJECT_CONVERSION = YES_AGGRESSIVE;
				CLANG_CXX_LANGUAGE_STANDARD = "gnu++20";
				CLANG_ENABLE_MODULES = YES;
				CLANG_ENABLE_OBJC_ARC = YES;
				CLANG_ENABLE_OBJC_WEAK = YES;
				CLANG_WARN_BLOCK_CAPTURE_AUTORELEASING = YES;
				CLANG_WARN_BOOL_CONVERSION = YES;
				CLANG_WARN_COMMA = YES;
				CLANG_WARN_CONSTANT_CONVERSION = YES;
				CLANG_WARN_DEPRECATED_OBJC_IMPLEMENTATIONS = YES;
				CLANG_WARN_DIRECT_OBJC_ISA_USAGE = YES_ERROR;
				CLANG_WARN_DOCUMENTATION_COMMENTS = YES;
				CLANG_WARN_EMPTY_BODY = YES;
				CLANG_WARN_ENUM_CONVERSION = YES;
				CLANG_WARN_INFINITE_RECURSION = YES;
				CLANG_WARN_INT_CONVERSION = YES;
				CLANG_WARN_NON_LITERAL_NULL_CONVERSION = YES;
				CLANG_WARN_OBJC_IMPLICIT_RETAIN_SELF = YES;
				CLANG_WARN_OBJC_LITERAL_CONVERSION = YES;
				CLANG_WARN_OBJC_ROOT_CLASS = YES_ERROR;
				CLANG_WARN_QUOTED_INCLUDE_IN_FRAMEWORK_HEADER = YES;
				CLANG_WARN_RANGE_LOOP_ANALYSIS = YES;
				CLANG_WARN_STRICT_PROTOTYPES = YES;
				CLANG_WARN_SUSPICIOUS_MOVE = YES;
				CLANG_WARN_UNGUARDED_AVAILABILITY = YES_AGGRESSIVE;
				CLANG_WARN_UNREACHABLE_CODE = YES;
				CLANG_WARN__DUPLICATE_METHOD_MATCH = YES;
				COPY_PHASE_STRIP = NO;
				DEBUG_INFORMATION_FORMAT = dwarf;
				ENABLE_STRICT_OBJC_MSGSEND = YES;
				ENABLE_TESTABILITY = YES;
				ENABLE_USER_SCRIPT_SANDBOXING = YES;
				GCC_C_LANGUAGE_STANDARD = gnu17;
				GCC_DYNAMIC_NO_PIC = NO;
				GCC_NO_COMMON_BLOCKS = YES;
				GCC_OPTIMIZATION_LEVEL = 0;
				GCC_PREPROCESSOR_DEFINITIONS = (
					"DEBUG=1",
					"$(inherited)",
				);
				GCC_WARN_64_TO_32_BIT_CONVERSION = YES;
				GCC_WARN_ABOUT_RETURN_TYPE = YES_ERROR;
				GCC_WARN_UNDECLARED_SELECTOR = YES;
				GCC_WARN_UNINITIALIZED_AUTOS = YES_AGGRESSIVE;
				GCC_WARN_UNUSED_FUNCTION = YES;
				GCC_WARN_UNUSED_VARIABLE = YES;
				IPHONEOS_DEPLOYMENT_TARGET = 17.2;
				LOCALIZATION_PREFERS_STRING_CATALOGS = YES;
				MTL_ENABLE_DEBUG_INFO = INCLUDE_SOURCE;
				MTL_FAST_MATH = YES;
				ONLY_ACTIVE_ARCH = YES;
				SDKROOT = iphoneos;
				SWIFT_ACTIVE_COMPILATION_CONDITIONS = "DEBUG $(inherited)";
				SWIFT_OPTIMIZATION_LEVEL = "-Onone";
			};
			name = Debug;
		};
		D37CD92D2D1191B8007CDB0A /* Release */ = {
			isa = XCBuildConfiguration;
			buildSettings = {
				ALWAYS_SEARCH_USER_PATHS = NO;
				ASSETCATALOG_COMPILER_GENERATE_SWIFT_ASSET_SYMBOL_EXTENSIONS = YES;
				CLANG_ANALYZER_NONNULL = YES;
				CLANG_ANALYZER_NUMBER_OBJECT_CONVERSION = YES_AGGRESSIVE;
				CLANG_CXX_LANGUAGE_STANDARD = "gnu++20";
				CLANG_ENABLE_MODULES = YES;
				CLANG_ENABLE_OBJC_ARC = YES;
				CLANG_ENABLE_OBJC_WEAK = YES;
				CLANG_WARN_BLOCK_CAPTURE_AUTORELEASING = YES;
				CLANG_WARN_BOOL_CONVERSION = YES;
				CLANG_WARN_COMMA = YES;
				CLANG_WARN_CONSTANT_CONVERSION = YES;
				CLANG_WARN_DEPRECATED_OBJC_IMPLEMENTATIONS = YES;
				CLANG_WARN_DIRECT_OBJC_ISA_USAGE = YES_ERROR;
				CLANG_WARN_DOCUMENTATION_COMMENTS = YES;
				CLANG_WARN_EMPTY_BODY = YES;
				CLANG_WARN_ENUM_CONVERSION = YES;
				CLANG_WARN_INFINITE_RECURSION = YES;
				CLANG_WARN_INT_CONVERSION = YES;
				CLANG_WARN_NON_LITERAL_NULL_CONVERSION = YES;
				CLANG_WARN_OBJC_IMPLICIT_RETAIN_SELF = YES;
				CLANG_WARN_OBJC_LITERAL_CONVERSION = YES;
				CLANG_WARN_OBJC_ROOT_CLASS = YES_ERROR;
				CLANG_WARN_QUOTED_INCLUDE_IN_FRAMEWORK_HEADER = YES;
				CLANG_WARN_RANGE_LOOP_ANALYSIS = YES;
				CLANG_WARN_STRICT_PROTOTYPES = YES;
				CLANG_WARN_SUSPICIOUS_MOVE = YES;
				CLANG_WARN_UNGUARDED_AVAILABILITY = YES_AGGRESSIVE;
				CLANG_WARN_UNREACHABLE_CODE = YES;
				CLANG_WARN__DUPLICATE_METHOD_MATCH = YES;
				COPY_PHASE_STRIP = NO;
				DEBUG_INFORMATION_FORMAT = "dwarf-with-dsym";
				ENABLE_NS_ASSERTIONS = NO;
				ENABLE_STRICT_OBJC_MSGSEND = YES;
				ENABLE_USER_SCRIPT_SANDBOXING = YES;
				GCC_C_LANGUAGE_STANDARD = gnu17;
				GCC_NO_COMMON_BLOCKS = YES;
				GCC_WARN_64_TO_32_BIT_CONVERSION = YES;
				GCC_WARN_ABOUT_RETURN_TYPE = YES_ERROR;
				GCC_WARN_UNDECLARED_SELECTOR = YES;
				GCC_WARN_UNINITIALIZED_AUTOS = YES_AGGRESSIVE;
				GCC_WARN_UNUSED_FUNCTION = YES;
				GCC_WARN_UNUSED_VARIABLE = YES;
				IPHONEOS_DEPLOYMENT_TARGET = 17.2;
				LOCALIZATION_PREFERS_STRING_CATALOGS = YES;
				MTL_ENABLE_DEBUG_INFO = NO;
				MTL_FAST_MATH = YES;
				SDKROOT = iphoneos;
				SWIFT_COMPILATION_MODE = wholemodule;
				VALIDATE_PRODUCT = YES;
			};
			name = Release;
		};
		D37CD92F2D1191B8007CDB0A /* Debug */ = {
			isa = XCBuildConfiguration;
			buildSettings = {
				ASSETCATALOG_COMPILER_APPICON_NAME = AppIcon;
				ASSETCATALOG_COMPILER_GLOBAL_ACCENT_COLOR_NAME = AccentColor;
				CODE_SIGN_STYLE = Automatic;
				CURRENT_PROJECT_VERSION = 1;
				DEVELOPMENT_ASSET_PATHS = "\"KaberSwiftUI/Preview Content\"";
				DEVELOPMENT_TEAM = X4YZSY77G5;
				ENABLE_PREVIEWS = YES;
				GENERATE_INFOPLIST_FILE = YES;
				INFOPLIST_FILE = KaberSwiftUI/Info.plist;
				INFOPLIST_KEY_UIApplicationSceneManifest_Generation = YES;
				INFOPLIST_KEY_UIApplicationSupportsIndirectInputEvents = YES;
				INFOPLIST_KEY_UILaunchScreen_Generation = YES;
				INFOPLIST_KEY_UISupportedInterfaceOrientations_iPad = "UIInterfaceOrientationPortrait UIInterfaceOrientationPortraitUpsideDown UIInterfaceOrientationLandscapeLeft UIInterfaceOrientationLandscapeRight";
				INFOPLIST_KEY_UISupportedInterfaceOrientations_iPhone = "UIInterfaceOrientationPortrait UIInterfaceOrientationLandscapeLeft UIInterfaceOrientationLandscapeRight";
				IPHONEOS_DEPLOYMENT_TARGET = 16.0;
				LD_RUNPATH_SEARCH_PATHS = (
					"$(inherited)",
					"@executable_path/Frameworks",
				);
				MARKETING_VERSION = 1.0;
				PRODUCT_BUNDLE_IDENTIFIER = com.myorganization199.KaberSwiftUI;
				PRODUCT_NAME = "$(TARGET_NAME)";
				SWIFT_EMIT_LOC_STRINGS = YES;
				SWIFT_VERSION = 5.0;
				TARGETED_DEVICE_FAMILY = "1,2";
			};
			name = Debug;
		};
		D37CD9302D1191B8007CDB0A /* Release */ = {
			isa = XCBuildConfiguration;
			buildSettings = {
				ASSETCATALOG_COMPILER_APPICON_NAME = AppIcon;
				ASSETCATALOG_COMPILER_GLOBAL_ACCENT_COLOR_NAME = AccentColor;
				CODE_SIGN_STYLE = Automatic;
				CURRENT_PROJECT_VERSION = 1;
				DEVELOPMENT_ASSET_PATHS = "\"KaberSwiftUI/Preview Content\"";
				DEVELOPMENT_TEAM = X4YZSY77G5;
				ENABLE_PREVIEWS = YES;
				GENERATE_INFOPLIST_FILE = YES;
				INFOPLIST_FILE = KaberSwiftUI/Info.plist;
				INFOPLIST_KEY_UIApplicationSceneManifest_Generation = YES;
				INFOPLIST_KEY_UIApplicationSupportsIndirectInputEvents = YES;
				INFOPLIST_KEY_UILaunchScreen_Generation = YES;
				INFOPLIST_KEY_UISupportedInterfaceOrientations_iPad = "UIInterfaceOrientationPortrait UIInterfaceOrientationPortraitUpsideDown UIInterfaceOrientationLandscapeLeft UIInterfaceOrientationLandscapeRight";
				INFOPLIST_KEY_UISupportedInterfaceOrientations_iPhone = "UIInterfaceOrientationPortrait UIInterfaceOrientationLandscapeLeft UIInterfaceOrientationLandscapeRight";
				IPHONEOS_DEPLOYMENT_TARGET = 16.0;
				LD_RUNPATH_SEARCH_PATHS = (
					"$(inherited)",
					"@executable_path/Frameworks",
				);
				MARKETING_VERSION = 1.0;
				PRODUCT_BUNDLE_IDENTIFIER = com.myorganization199.KaberSwiftUI;
				PRODUCT_NAME = "$(TARGET_NAME)";
				SWIFT_EMIT_LOC_STRINGS = YES;
				SWIFT_VERSION = 5.0;
				TARGETED_DEVICE_FAMILY = "1,2";
			};
			name = Release;
		};
/* End XCBuildConfiguration section */

/* Begin XCConfigurationList section */
		D37CD91B2D1191B7007CDB0A /* Build configuration list for PBXProject "KaberSwiftUI" */ = {
			isa = XCConfigurationList;
			buildConfigurations = (
				D37CD92C2D1191B8007CDB0A /* Debug */,
				D37CD92D2D1191B8007CDB0A /* Release */,
			);
			defaultConfigurationIsVisible = 0;
			defaultConfigurationName = Release;
		};
		D37CD92E2D1191B8007CDB0A /* Build configuration list for PBXNativeTarget "KaberSwiftUI" */ = {
			isa = XCConfigurationList;
			buildConfigurations = (
				D37CD92F2D1191B8007CDB0A /* Debug */,
				D37CD9302D1191B8007CDB0A /* Release */,
			);
			defaultConfigurationIsVisible = 0;
			defaultConfigurationName = Release;
		};
/* End XCConfigurationList section */

/* Begin XCRemoteSwiftPackageReference section */
		D38855832D12E3BE00596C9C /* XCRemoteSwiftPackageReference "RappleProgressHUD" */ = {
			isa = XCRemoteSwiftPackageReference;
			repositoryURL = "https://github.com/rjeprasad/RappleProgressHUD.git";
			requirement = {
				kind = upToNextMajorVersion;
				minimumVersion = 4.1.0;
			};
		};
		D388558A2D12EE8700596C9C /* XCRemoteSwiftPackageReference "BetterSafariView" */ = {
			isa = XCRemoteSwiftPackageReference;
			repositoryURL = "https://github.com/stleamist/BetterSafariView.git";
			requirement = {
				branch = main;
				kind = branch;
			};
		};
		D39EA0A42D15807F006D9027 /* XCRemoteSwiftPackageReference "Reachability.swift" */ = {
			isa = XCRemoteSwiftPackageReference;
			repositoryURL = "https://github.com/ashleymills/Reachability.swift.git";
			requirement = {
				branch = master;
				kind = branch;
			};
		};
/* End XCRemoteSwiftPackageReference section */

/* Begin XCSwiftPackageProductDependency section */
		D38855842D12E3BE00596C9C /* RappleProgressHUD */ = {
			isa = XCSwiftPackageProductDependency;
			package = D38855832D12E3BE00596C9C /* XCRemoteSwiftPackageReference "RappleProgressHUD" */;
			productName = RappleProgressHUD;
		};
		D388558B2D12EE8700596C9C /* BetterSafariView */ = {
			isa = XCSwiftPackageProductDependency;
			package = D388558A2D12EE8700596C9C /* XCRemoteSwiftPackageReference "BetterSafariView" */;
			productName = BetterSafariView;
		};
		D39EA0A52D15807F006D9027 /* Reachability */ = {
			isa = XCSwiftPackageProductDependency;
			package = D39EA0A42D15807F006D9027 /* XCRemoteSwiftPackageReference "Reachability.swift" */;
			productName = Reachability;
		};
/* End XCSwiftPackageProductDependency section */
	};
	rootObject = D37CD9182D1191B7007CDB0A /* Project object */;
}
